
Microsoft Visual Studio Solution File, Format Version 12.00
# Visual Studio Version 17
VisualStudioVersion = 17.1.32421.90
MinimumVisualStudioVersion = 10.0.40219.1
Project("{FAE04EC0-301F-11D3-BF4B-00C04F79EFBC}") = "Project2_Group_24", "Project2_Group_24.csproj", "{3DA20C6E-08CE-42CE-9D0F-E3F1A82C3537}"
EndProject
Global
	GlobalSection(SolutionConfigurationPlatforms) = preSolution
		Debug|Any CPU = Debug|Any CPU
		Release|Any CPU = Release|Any CPU
	EndGlobalSection
	GlobalSection(ProjectConfigurationPlatforms) = postSolution
		{3DA20C6E-08CE-42CE-9D0F-E3F1A82C3537}.Debug|Any CPU.ActiveCfg = Debug|Any CPU
		{3DA20C6E-08CE-42CE-9D0F-E3F1A82C3537}.Debug|Any CPU.Build.0 = Debug|Any CPU
		{3DA20C6E-08CE-42CE-9D0F-E3F1A82C3537}.Release|Any CPU.ActiveCfg = Release|Any CPU
		{3DA20C6E-08CE-42CE-9D0F-E3F1A82C3537}.Release|Any CPU.Build.0 = Release|Any CPU
	EndGlobalSection
	GlobalSection(SolutionProperties) = preSolution
		HideSolutionNode = FALSE
	EndGlobalSection
	GlobalSection(ExtensibilityGlobals) = postSolution
		SolutionGuid = {0996CEF5-92C7-4C0E-B646-E0F1DF8130C8}
	EndGlobalSection
EndGlobal
